
Microsoft Visual Studio Solution File, Format Version 12.00
# Visual Studio 2012
# SharpDevelop 5.1
VisualStudioVersion = 14.0.23107.0
MinimumVisualStudioVersion = 10.0.40219.1
Project("{FAE04EC0-301F-11D3-BF4B-00C04F79EFBC}") = "MiskoFinanceWeb", "MiskoFinanceWeb\MiskoFinanceWeb.csproj", "{2F37CCC5-841A-4C65-A683-33F9D6B17C7A}"
EndProject
Project("{FAE04EC0-301F-11D3-BF4B-00C04F79EFBC}") = "MiskoFinanceCore", "MiskoFinanceCore\MiskoFinanceCore.csproj", "{B821B2C4-D983-4F40-90E6-F6C3C1702535}"
EndProject
Project("{FAE04EC0-301F-11D3-BF4B-00C04F79EFBC}") = "MiskoPersist", "..\MiskoPersist\MiskoPersist.csproj", "{F538732A-122B-40BB-86B0-199F99B0386C}"
EndProject
Global
	GlobalSection(SolutionConfigurationPlatforms) = preSolution
		Debug|Any CPU = Debug|Any CPU
		Release|Any CPU = Release|Any CPU
	EndGlobalSection
	GlobalSection(ProjectConfigurationPlatforms) = postSolution
		{2F37CCC5-841A-4C65-A683-33F9D6B17C7A}.Debug|Any CPU.ActiveCfg = Debug|Any CPU
		{2F37CCC5-841A-4C65-A683-33F9D6B17C7A}.Debug|Any CPU.Build.0 = Debug|Any CPU
		{2F37CCC5-841A-4C65-A683-33F9D6B17C7A}.Release|Any CPU.ActiveCfg = Release|Any CPU
		{2F37CCC5-841A-4C65-A683-33F9D6B17C7A}.Release|Any CPU.Build.0 = Release|Any CPU
		{B821B2C4-D983-4F40-90E6-F6C3C1702535}.Debug|Any CPU.ActiveCfg = Debug|Any CPU
		{B821B2C4-D983-4F40-90E6-F6C3C1702535}.Debug|Any CPU.Build.0 = Debug|Any CPU
		{B821B2C4-D983-4F40-90E6-F6C3C1702535}.Release|Any CPU.ActiveCfg = Release|Any CPU
		{B821B2C4-D983-4F40-90E6-F6C3C1702535}.Release|Any CPU.Build.0 = Release|Any CPU
		{F538732A-122B-40BB-86B0-199F99B0386C}.Debug|Any CPU.ActiveCfg = Debug|Any CPU
		{F538732A-122B-40BB-86B0-199F99B0386C}.Debug|Any CPU.Build.0 = Debug|Any CPU
		{F538732A-122B-40BB-86B0-199F99B0386C}.Release|Any CPU.ActiveCfg = Release|Any CPU
		{F538732A-122B-40BB-86B0-199F99B0386C}.Release|Any CPU.Build.0 = Release|Any CPU
	EndGlobalSection
	GlobalSection(SolutionProperties) = preSolution
		HideSolutionNode = FALSE
	EndGlobalSection
EndGlobal
